// !$*UTF8*$!
{
	archiveVersion = 1;
	classes = {
	};
	objectVersion = 55;
	objects = {

/* Begin PBXBuildFile section */
		250E3A822779448D0069A488 /* MainCell.swift in Sources */ = {isa = PBXBuildFile; fileRef = 250E3A812779448D0069A488 /* MainCell.swift */; };
		250E3A84277948080069A488 /* MainViweVM.swift in Sources */ = {isa = PBXBuildFile; fileRef = 250E3A83277948080069A488 /* MainViweVM.swift */; };
		250E3A8627795EF40069A488 /* TargetIdentityView.swift in Sources */ = {isa = PBXBuildFile; fileRef = 250E3A8527795EF40069A488 /* TargetIdentityView.swift */; };
		250E3A8827798B1E0069A488 /* TargetIdentityVM.swift in Sources */ = {isa = PBXBuildFile; fileRef = 250E3A8727798B1E0069A488 /* TargetIdentityVM.swift */; };
		250E3AAE277B26C70069A488 /* TabView.swift in Sources */ = {isa = PBXBuildFile; fileRef = 250E3AAD277B26C70069A488 /* TabView.swift */; };
		252BB4E8276B76DB002D50A5 /* RegistraionVM.swift in Sources */ = {isa = PBXBuildFile; fileRef = 252BB4E7276B76DB002D50A5 /* RegistraionVM.swift */; };
		253FE4FC2758B45000050675 /* Constant.swift in Sources */ = {isa = PBXBuildFile; fileRef = 253FE4FB2758B45000050675 /* Constant.swift */; };
		253FE4FE2758B5FB00050675 /* RegistrationView.swift in Sources */ = {isa = PBXBuildFile; fileRef = 253FE4FD2758B5FB00050675 /* RegistrationView.swift */; };
		25499F44277817BA006F8062 /* LoginDetailView.swift in Sources */ = {isa = PBXBuildFile; fileRef = 25499F43277817BA006F8062 /* LoginDetailView.swift */; };
		25499F4727781E1B006F8062 /* MainView.swift in Sources */ = {isa = PBXBuildFile; fileRef = 25499F4627781E1B006F8062 /* MainView.swift */; };
		25499F4927781F4A006F8062 /* AlertMessageLoginInfoView.swift in Sources */ = {isa = PBXBuildFile; fileRef = 25499F4827781F4A006F8062 /* AlertMessageLoginInfoView.swift */; };
		254FB2DB277C08160001B63F /* ColorButton.swift in Sources */ = {isa = PBXBuildFile; fileRef = 254FB2DA277C08160001B63F /* ColorButton.swift */; };
		254FB2DD277C11C00001B63F /* SelectedColor.swift in Sources */ = {isa = PBXBuildFile; fileRef = 254FB2DC277C11C00001B63F /* SelectedColor.swift */; };
		254FB2DF277C13C60001B63F /* ColorPickerView.swift in Sources */ = {isa = PBXBuildFile; fileRef = 254FB2DE277C13C60001B63F /* ColorPickerView.swift */; };
		2561C14727577DF0006D5EF1 /* DoBitApp.swift in Sources */ = {isa = PBXBuildFile; fileRef = 2561C14627577DF0006D5EF1 /* DoBitApp.swift */; };
		2561C14927577DF0006D5EF1 /* ContentView.swift in Sources */ = {isa = PBXBuildFile; fileRef = 2561C14827577DF0006D5EF1 /* ContentView.swift */; };
		2561C14B27577DF2006D5EF1 /* Assets.xcassets in Resources */ = {isa = PBXBuildFile; fileRef = 2561C14A27577DF2006D5EF1 /* Assets.xcassets */; };
		2561C14E27577DF2006D5EF1 /* Preview Assets.xcassets in Resources */ = {isa = PBXBuildFile; fileRef = 2561C14D27577DF2006D5EF1 /* Preview Assets.xcassets */; };
		2561C15627577E27006D5EF1 /* LoginView.swift in Sources */ = {isa = PBXBuildFile; fileRef = 2561C15527577E27006D5EF1 /* LoginView.swift */; };
		2561C15927578118006D5EF1 /* Color+Extension.swift in Sources */ = {isa = PBXBuildFile; fileRef = 2561C15827578118006D5EF1 /* Color+Extension.swift */; };
		25843BF42772B46C007B160C /* Background.swift in Sources */ = {isa = PBXBuildFile; fileRef = 25843BF32772B46C007B160C /* Background.swift */; };
		259A2AA72772C096009828B2 /* IdentityCell.swift in Sources */ = {isa = PBXBuildFile; fileRef = 259A2AA62772C096009828B2 /* IdentityCell.swift */; };
		259C5B1E275A1E07005E9288 /* UINavigationControllerDelegate+Extension.swift in Sources */ = {isa = PBXBuildFile; fileRef = 259C5B1D275A1E07005E9288 /* UINavigationControllerDelegate+Extension.swift */; };
		25CEBD9427783066000C2D7C /* ResetPasswordView.swift in Sources */ = {isa = PBXBuildFile; fileRef = 25CEBD9327783066000C2D7C /* ResetPasswordView.swift */; };
		25D3F8422773FBDD00CAAD31 /* SetupIdentityVM.swift in Sources */ = {isa = PBXBuildFile; fileRef = 25D3F8412773FBDD00CAAD31 /* SetupIdentityVM.swift */; };
		25E8EACC2772C92B009DF0B9 /* GlobalHelpers.swift in Sources */ = {isa = PBXBuildFile; fileRef = 25E8EACB2772C92B009DF0B9 /* GlobalHelpers.swift */; };
		25E8EACF2772C963009DF0B9 /* Identiy.swift in Sources */ = {isa = PBXBuildFile; fileRef = 25E8EACE2772C963009DF0B9 /* Identiy.swift */; };
		25F7F61D276C283D00FEE2AC /* SetupIdentityView.swift in Sources */ = {isa = PBXBuildFile; fileRef = 25F7F61C276C283D00FEE2AC /* SetupIdentityView.swift */; };
		25FCE38C275DF613008E0D92 /* UIApplication+Extension.swift in Sources */ = {isa = PBXBuildFile; fileRef = 25FCE38B275DF613008E0D92 /* UIApplication+Extension.swift */; };
/* End PBXBuildFile section */

/* Begin PBXFileReference section */
		250E3A812779448D0069A488 /* MainCell.swift */ = {isa = PBXFileReference; lastKnownFileType = sourcecode.swift; path = MainCell.swift; sourceTree = "<group>"; };
		250E3A83277948080069A488 /* MainViweVM.swift */ = {isa = PBXFileReference; lastKnownFileType = sourcecode.swift; path = MainViweVM.swift; sourceTree = "<group>"; };
		250E3A8527795EF40069A488 /* TargetIdentityView.swift */ = {isa = PBXFileReference; lastKnownFileType = sourcecode.swift; path = TargetIdentityView.swift; sourceTree = "<group>"; };
		250E3A8727798B1E0069A488 /* TargetIdentityVM.swift */ = {isa = PBXFileReference; lastKnownFileType = sourcecode.swift; path = TargetIdentityVM.swift; sourceTree = "<group>"; };
		250E3AAD277B26C70069A488 /* TabView.swift */ = {isa = PBXFileReference; lastKnownFileType = sourcecode.swift; path = TabView.swift; sourceTree = "<group>"; };
		252BB4E7276B76DB002D50A5 /* RegistraionVM.swift */ = {isa = PBXFileReference; lastKnownFileType = sourcecode.swift; path = RegistraionVM.swift; sourceTree = "<group>"; };
		253FE4FB2758B45000050675 /* Constant.swift */ = {isa = PBXFileReference; lastKnownFileType = sourcecode.swift; path = Constant.swift; sourceTree = "<group>"; };
		253FE4FD2758B5FB00050675 /* RegistrationView.swift */ = {isa = PBXFileReference; lastKnownFileType = sourcecode.swift; path = RegistrationView.swift; sourceTree = "<group>"; };
		25499F43277817BA006F8062 /* LoginDetailView.swift */ = {isa = PBXFileReference; lastKnownFileType = sourcecode.swift; path = LoginDetailView.swift; sourceTree = "<group>"; };
		25499F4627781E1B006F8062 /* MainView.swift */ = {isa = PBXFileReference; lastKnownFileType = sourcecode.swift; path = MainView.swift; sourceTree = "<group>"; };
		25499F4827781F4A006F8062 /* AlertMessageLoginInfoView.swift */ = {isa = PBXFileReference; lastKnownFileType = sourcecode.swift; path = AlertMessageLoginInfoView.swift; sourceTree = "<group>"; };
		254FB2DA277C08160001B63F /* ColorButton.swift */ = {isa = PBXFileReference; lastKnownFileType = sourcecode.swift; path = ColorButton.swift; sourceTree = "<group>"; };
		254FB2DC277C11C00001B63F /* SelectedColor.swift */ = {isa = PBXFileReference; lastKnownFileType = sourcecode.swift; path = SelectedColor.swift; sourceTree = "<group>"; };
		254FB2DE277C13C60001B63F /* ColorPickerView.swift */ = {isa = PBXFileReference; lastKnownFileType = sourcecode.swift; path = ColorPickerView.swift; sourceTree = "<group>"; };
		2561C14327577DF0006D5EF1 /* DoBit.app */ = {isa = PBXFileReference; explicitFileType = wrapper.application; includeInIndex = 0; path = DoBit.app; sourceTree = BUILT_PRODUCTS_DIR; };
		2561C14627577DF0006D5EF1 /* DoBitApp.swift */ = {isa = PBXFileReference; lastKnownFileType = sourcecode.swift; path = DoBitApp.swift; sourceTree = "<group>"; };
		2561C14827577DF0006D5EF1 /* ContentView.swift */ = {isa = PBXFileReference; lastKnownFileType = sourcecode.swift; path = ContentView.swift; sourceTree = "<group>"; };
		2561C14A27577DF2006D5EF1 /* Assets.xcassets */ = {isa = PBXFileReference; lastKnownFileType = folder.assetcatalog; path = Assets.xcassets; sourceTree = "<group>"; };
		2561C14D27577DF2006D5EF1 /* Preview Assets.xcassets */ = {isa = PBXFileReference; lastKnownFileType = folder.assetcatalog; path = "Preview Assets.xcassets"; sourceTree = "<group>"; };
		2561C15527577E27006D5EF1 /* LoginView.swift */ = {isa = PBXFileReference; lastKnownFileType = sourcecode.swift; path = LoginView.swift; sourceTree = "<group>"; };
		2561C15827578118006D5EF1 /* Color+Extension.swift */ = {isa = PBXFileReference; lastKnownFileType = sourcecode.swift; path = "Color+Extension.swift"; sourceTree = "<group>"; };
		25843BF32772B46C007B160C /* Background.swift */ = {isa = PBXFileReference; lastKnownFileType = sourcecode.swift; path = Background.swift; sourceTree = "<group>"; };
		259A2AA62772C096009828B2 /* IdentityCell.swift */ = {isa = PBXFileReference; lastKnownFileType = sourcecode.swift; path = IdentityCell.swift; sourceTree = "<group>"; };
		259C5B1D275A1E07005E9288 /* UINavigationControllerDelegate+Extension.swift */ = {isa = PBXFileReference; lastKnownFileType = sourcecode.swift; path = "UINavigationControllerDelegate+Extension.swift"; sourceTree = "<group>"; };
		25CEBD9327783066000C2D7C /* ResetPasswordView.swift */ = {isa = PBXFileReference; lastKnownFileType = sourcecode.swift; path = ResetPasswordView.swift; sourceTree = "<group>"; };
		25D3F8412773FBDD00CAAD31 /* SetupIdentityVM.swift */ = {isa = PBXFileReference; lastKnownFileType = sourcecode.swift; path = SetupIdentityVM.swift; sourceTree = "<group>"; };
		25E8EACB2772C92B009DF0B9 /* GlobalHelpers.swift */ = {isa = PBXFileReference; lastKnownFileType = sourcecode.swift; path = GlobalHelpers.swift; sourceTree = "<group>"; };
		25E8EACE2772C963009DF0B9 /* Identiy.swift */ = {isa = PBXFileReference; lastKnownFileType = sourcecode.swift; path = Identiy.swift; sourceTree = "<group>"; };
		25F7F61C276C283D00FEE2AC /* SetupIdentityView.swift */ = {isa = PBXFileReference; lastKnownFileType = sourcecode.swift; path = SetupIdentityView.swift; sourceTree = "<group>"; };
		25FCE38B275DF613008E0D92 /* UIApplication+Extension.swift */ = {isa = PBXFileReference; lastKnownFileType = sourcecode.swift; path = "UIApplication+Extension.swift"; sourceTree = "<group>"; };
/* End PBXFileReference section */

/* Begin PBXFrameworksBuildPhase section */
		2561C14027577DF0006D5EF1 /* Frameworks */ = {
			isa = PBXFrameworksBuildPhase;
			buildActionMask = 2147483647;
			files = (
			);
			runOnlyForDeploymentPostprocessing = 0;
		};
/* End PBXFrameworksBuildPhase section */

/* Begin PBXGroup section */
		252BB4E9276B7866002D50A5 /* DataManager */ = {
			isa = PBXGroup;
			children = (
				252BB4E7276B76DB002D50A5 /* RegistraionVM.swift */,
			);
			path = DataManager;
			sourceTree = "<group>";
		};
		25499F4527781E0A006F8062 /* Main */ = {
			isa = PBXGroup;
			children = (
				25499F4627781E1B006F8062 /* MainView.swift */,
				250E3A8527795EF40069A488 /* TargetIdentityView.swift */,
				254FB2DA277C08160001B63F /* ColorButton.swift */,
				254FB2DE277C13C60001B63F /* ColorPickerView.swift */,
				250E3A8727798B1E0069A488 /* TargetIdentityVM.swift */,
				250E3A83277948080069A488 /* MainViweVM.swift */,
				250E3A812779448D0069A488 /* MainCell.swift */,
				250E3AAD277B26C70069A488 /* TabView.swift */,
			);
			path = Main;
			sourceTree = "<group>";
		};
		2561C13A27577DF0006D5EF1 = {
			isa = PBXGroup;
			children = (
				2561C14527577DF0006D5EF1 /* DoBit */,
				2561C14427577DF0006D5EF1 /* Products */,
			);
			sourceTree = "<group>";
		};
		2561C14427577DF0006D5EF1 /* Products */ = {
			isa = PBXGroup;
			children = (
				2561C14327577DF0006D5EF1 /* DoBit.app */,
			);
			name = Products;
			sourceTree = "<group>";
		};
		2561C14527577DF0006D5EF1 /* DoBit */ = {
			isa = PBXGroup;
			children = (
				25E8EACD2772C95E009DF0B9 /* Model */,
				25843BF22772B457007B160C /* GlobalView */,
				2561C1572757810A006D5EF1 /* Helper */,
				2561C15427577E07006D5EF1 /* Login */,
				25499F4527781E0A006F8062 /* Main */,
				2561C14627577DF0006D5EF1 /* DoBitApp.swift */,
				2561C14827577DF0006D5EF1 /* ContentView.swift */,
				2561C14A27577DF2006D5EF1 /* Assets.xcassets */,
				2561C14C27577DF2006D5EF1 /* Preview Content */,
			);
			path = DoBit;
			sourceTree = "<group>";
		};
		2561C14C27577DF2006D5EF1 /* Preview Content */ = {
			isa = PBXGroup;
			children = (
				2561C14D27577DF2006D5EF1 /* Preview Assets.xcassets */,
			);
			path = "Preview Content";
			sourceTree = "<group>";
		};
		2561C15427577E07006D5EF1 /* Login */ = {
			isa = PBXGroup;
			children = (
				252BB4E9276B7866002D50A5 /* DataManager */,
				2561C15527577E27006D5EF1 /* LoginView.swift */,
				25499F43277817BA006F8062 /* LoginDetailView.swift */,
				253FE4FD2758B5FB00050675 /* RegistrationView.swift */,
				25F7F61C276C283D00FEE2AC /* SetupIdentityView.swift */,
				25D3F8412773FBDD00CAAD31 /* SetupIdentityVM.swift */,
				25CEBD9327783066000C2D7C /* ResetPasswordView.swift */,
				25499F4827781F4A006F8062 /* AlertMessageLoginInfoView.swift */,
				259A2AA62772C096009828B2 /* IdentityCell.swift */,
			);
			path = Login;
			sourceTree = "<group>";
		};
		2561C1572757810A006D5EF1 /* Helper */ = {
			isa = PBXGroup;
			children = (
				25E8EACB2772C92B009DF0B9 /* GlobalHelpers.swift */,
				2561C15827578118006D5EF1 /* Color+Extension.swift */,
				253FE4FB2758B45000050675 /* Constant.swift */,
				259C5B1D275A1E07005E9288 /* UINavigationControllerDelegate+Extension.swift */,
				25FCE38B275DF613008E0D92 /* UIApplication+Extension.swift */,
			);
			path = Helper;
			sourceTree = "<group>";
		};
		25843BF22772B457007B160C /* GlobalView */ = {
			isa = PBXGroup;
			children = (
				25843BF32772B46C007B160C /* Background.swift */,
			);
			path = GlobalView;
			sourceTree = "<group>";
		};
		25E8EACD2772C95E009DF0B9 /* Model */ = {
			isa = PBXGroup;
			children = (
				25E8EACE2772C963009DF0B9 /* Identiy.swift */,
				254FB2DC277C11C00001B63F /* SelectedColor.swift */,
			);
			path = Model;
			sourceTree = "<group>";
		};
/* End PBXGroup section */

/* Begin PBXNativeTarget section */
		2561C14227577DF0006D5EF1 /* DoBit */ = {
			isa = PBXNativeTarget;
			buildConfigurationList = 2561C15127577DF2006D5EF1 /* Build configuration list for PBXNativeTarget "DoBit" */;
			buildPhases = (
				2561C13F27577DF0006D5EF1 /* Sources */,
				2561C14027577DF0006D5EF1 /* Frameworks */,
				2561C14127577DF0006D5EF1 /* Resources */,
			);
			buildRules = (
			);
			dependencies = (
			);
			name = DoBit;
			productName = DoBit;
			productReference = 2561C14327577DF0006D5EF1 /* DoBit.app */;
			productType = "com.apple.product-type.application";
		};
/* End PBXNativeTarget section */

/* Begin PBXProject section */
		2561C13B27577DF0006D5EF1 /* Project object */ = {
			isa = PBXProject;
			attributes = {
				BuildIndependentTargetsInParallel = 1;
				LastSwiftUpdateCheck = 1310;
				LastUpgradeCheck = 1310;
				TargetAttributes = {
					2561C14227577DF0006D5EF1 = {
						CreatedOnToolsVersion = 13.1;
					};
				};
			};
			buildConfigurationList = 2561C13E27577DF0006D5EF1 /* Build configuration list for PBXProject "DoBit" */;
			compatibilityVersion = "Xcode 13.0";
			developmentRegion = en;
			hasScannedForEncodings = 0;
			knownRegions = (
				en,
				Base,
			);
			mainGroup = 2561C13A27577DF0006D5EF1;
			productRefGroup = 2561C14427577DF0006D5EF1 /* Products */;
			projectDirPath = "";
			projectRoot = "";
			targets = (
				2561C14227577DF0006D5EF1 /* DoBit */,
			);
		};
/* End PBXProject section */

/* Begin PBXResourcesBuildPhase section */
		2561C14127577DF0006D5EF1 /* Resources */ = {
			isa = PBXResourcesBuildPhase;
			buildActionMask = 2147483647;
			files = (
				2561C14E27577DF2006D5EF1 /* Preview Assets.xcassets in Resources */,
				2561C14B27577DF2006D5EF1 /* Assets.xcassets in Resources */,
			);
			runOnlyForDeploymentPostprocessing = 0;
		};
/* End PBXResourcesBuildPhase section */

/* Begin PBXSourcesBuildPhase section */
		2561C13F27577DF0006D5EF1 /* Sources */ = {
			isa = PBXSourcesBuildPhase;
			buildActionMask = 2147483647;
			files = (
				2561C15627577E27006D5EF1 /* LoginView.swift in Sources */,
				25D3F8422773FBDD00CAAD31 /* SetupIdentityVM.swift in Sources */,
				259C5B1E275A1E07005E9288 /* UINavigationControllerDelegate+Extension.swift in Sources */,
				250E3A84277948080069A488 /* MainViweVM.swift in Sources */,
				25F7F61D276C283D00FEE2AC /* SetupIdentityView.swift in Sources */,
				250E3A8827798B1E0069A488 /* TargetIdentityVM.swift in Sources */,
				259A2AA72772C096009828B2 /* IdentityCell.swift in Sources */,
				25FCE38C275DF613008E0D92 /* UIApplication+Extension.swift in Sources */,
				2561C14927577DF0006D5EF1 /* ContentView.swift in Sources */,
				25499F44277817BA006F8062 /* LoginDetailView.swift in Sources */,
				250E3AAE277B26C70069A488 /* TabView.swift in Sources */,
				25E8EACC2772C92B009DF0B9 /* GlobalHelpers.swift in Sources */,
				25499F4927781F4A006F8062 /* AlertMessageLoginInfoView.swift in Sources */,
				253FE4FC2758B45000050675 /* Constant.swift in Sources */,
				254FB2DF277C13C60001B63F /* ColorPickerView.swift in Sources */,
				25E8EACF2772C963009DF0B9 /* Identiy.swift in Sources */,
				25499F4727781E1B006F8062 /* MainView.swift in Sources */,
				252BB4E8276B76DB002D50A5 /* RegistraionVM.swift in Sources */,
				254FB2DB277C08160001B63F /* ColorButton.swift in Sources */,
				254FB2DD277C11C00001B63F /* SelectedColor.swift in Sources */,
				250E3A822779448D0069A488 /* MainCell.swift in Sources */,
				25CEBD9427783066000C2D7C /* ResetPasswordView.swift in Sources */,
				25843BF42772B46C007B160C /* Background.swift in Sources */,
				253FE4FE2758B5FB00050675 /* RegistrationView.swift in Sources */,
				2561C14727577DF0006D5EF1 /* DoBitApp.swift in Sources */,
				2561C15927578118006D5EF1 /* Color+Extension.swift in Sources */,
				250E3A8627795EF40069A488 /* TargetIdentityView.swift in Sources */,
			);
			runOnlyForDeploymentPostprocessing = 0;
		};
/* End PBXSourcesBuildPhase section */

/* Begin XCBuildConfiguration section */
		2561C14F27577DF2006D5EF1 /* Debug */ = {
			isa = XCBuildConfiguration;
			buildSettings = {
				ALWAYS_SEARCH_USER_PATHS = NO;
				CLANG_ANALYZER_NONNULL = YES;
				CLANG_ANALYZER_NUMBER_OBJECT_CONVERSION = YES_AGGRESSIVE;
				CLANG_CXX_LANGUAGE_STANDARD = "gnu++17";
				CLANG_CXX_LIBRARY = "libc++";
				CLANG_ENABLE_MODULES = YES;
				CLANG_ENABLE_OBJC_ARC = YES;
				CLANG_ENABLE_OBJC_WEAK = YES;
				CLANG_WARN_BLOCK_CAPTURE_AUTORELEASING = YES;
				CLANG_WARN_BOOL_CONVERSION = YES;
				CLANG_WARN_COMMA = YES;
				CLANG_WARN_CONSTANT_CONVERSION = YES;
				CLANG_WARN_DEPRECATED_OBJC_IMPLEMENTATIONS = YES;
				CLANG_WARN_DIRECT_OBJC_ISA_USAGE = YES_ERROR;
				CLANG_WARN_DOCUMENTATION_COMMENTS = YES;
				CLANG_WARN_EMPTY_BODY = YES;
				CLANG_WARN_ENUM_CONVERSION = YES;
				CLANG_WARN_INFINITE_RECURSION = YES;
				CLANG_WARN_INT_CONVERSION = YES;
				CLANG_WARN_NON_LITERAL_NULL_CONVERSION = YES;
				CLANG_WARN_OBJC_IMPLICIT_RETAIN_SELF = YES;
				CLANG_WARN_OBJC_LITERAL_CONVERSION = YES;
				CLANG_WARN_OBJC_ROOT_CLASS = YES_ERROR;
				CLANG_WARN_QUOTED_INCLUDE_IN_FRAMEWORK_HEADER = YES;
				CLANG_WARN_RANGE_LOOP_ANALYSIS = YES;
				CLANG_WARN_STRICT_PROTOTYPES = YES;
				CLANG_WARN_SUSPICIOUS_MOVE = YES;
				CLANG_WARN_UNGUARDED_AVAILABILITY = YES_AGGRESSIVE;
				CLANG_WARN_UNREACHABLE_CODE = YES;
				CLANG_WARN__DUPLICATE_METHOD_MATCH = YES;
				COPY_PHASE_STRIP = NO;
				DEBUG_INFORMATION_FORMAT = dwarf;
				ENABLE_STRICT_OBJC_MSGSEND = YES;
				ENABLE_TESTABILITY = YES;
				GCC_C_LANGUAGE_STANDARD = gnu11;
				GCC_DYNAMIC_NO_PIC = NO;
				GCC_NO_COMMON_BLOCKS = YES;
				GCC_OPTIMIZATION_LEVEL = 0;
				GCC_PREPROCESSOR_DEFINITIONS = (
					"DEBUG=1",
					"$(inherited)",
				);
				GCC_WARN_64_TO_32_BIT_CONVERSION = YES;
				GCC_WARN_ABOUT_RETURN_TYPE = YES_ERROR;
				GCC_WARN_UNDECLARED_SELECTOR = YES;
				GCC_WARN_UNINITIALIZED_AUTOS = YES_AGGRESSIVE;
				GCC_WARN_UNUSED_FUNCTION = YES;
				GCC_WARN_UNUSED_VARIABLE = YES;
				IPHONEOS_DEPLOYMENT_TARGET = 15.0;
				MTL_ENABLE_DEBUG_INFO = INCLUDE_SOURCE;
				MTL_FAST_MATH = YES;
				ONLY_ACTIVE_ARCH = YES;
				SDKROOT = iphoneos;
				SWIFT_ACTIVE_COMPILATION_CONDITIONS = DEBUG;
				SWIFT_OPTIMIZATION_LEVEL = "-Onone";
			};
			name = Debug;
		};
		2561C15027577DF2006D5EF1 /* Release */ = {
			isa = XCBuildConfiguration;
			buildSettings = {
				ALWAYS_SEARCH_USER_PATHS = NO;
				CLANG_ANALYZER_NONNULL = YES;
				CLANG_ANALYZER_NUMBER_OBJECT_CONVERSION = YES_AGGRESSIVE;
				CLANG_CXX_LANGUAGE_STANDARD = "gnu++17";
				CLANG_CXX_LIBRARY = "libc++";
				CLANG_ENABLE_MODULES = YES;
				CLANG_ENABLE_OBJC_ARC = YES;
				CLANG_ENABLE_OBJC_WEAK = YES;
				CLANG_WARN_BLOCK_CAPTURE_AUTORELEASING = YES;
				CLANG_WARN_BOOL_CONVERSION = YES;
				CLANG_WARN_COMMA = YES;
				CLANG_WARN_CONSTANT_CONVERSION = YES;
				CLANG_WARN_DEPRECATED_OBJC_IMPLEMENTATIONS = YES;
				CLANG_WARN_DIRECT_OBJC_ISA_USAGE = YES_ERROR;
				CLANG_WARN_DOCUMENTATION_COMMENTS = YES;
				CLANG_WARN_EMPTY_BODY = YES;
				CLANG_WARN_ENUM_CONVERSION = YES;
				CLANG_WARN_INFINITE_RECURSION = YES;
				CLANG_WARN_INT_CONVERSION = YES;
				CLANG_WARN_NON_LITERAL_NULL_CONVERSION = YES;
				CLANG_WARN_OBJC_IMPLICIT_RETAIN_SELF = YES;
				CLANG_WARN_OBJC_LITERAL_CONVERSION = YES;
				CLANG_WARN_OBJC_ROOT_CLASS = YES_ERROR;
				CLANG_WARN_QUOTED_INCLUDE_IN_FRAMEWORK_HEADER = YES;
				CLANG_WARN_RANGE_LOOP_ANALYSIS = YES;
				CLANG_WARN_STRICT_PROTOTYPES = YES;
				CLANG_WARN_SUSPICIOUS_MOVE = YES;
				CLANG_WARN_UNGUARDED_AVAILABILITY = YES_AGGRESSIVE;
				CLANG_WARN_UNREACHABLE_CODE = YES;
				CLANG_WARN__DUPLICATE_METHOD_MATCH = YES;
				COPY_PHASE_STRIP = NO;
				DEBUG_INFORMATION_FORMAT = "dwarf-with-dsym";
				ENABLE_NS_ASSERTIONS = NO;
				ENABLE_STRICT_OBJC_MSGSEND = YES;
				GCC_C_LANGUAGE_STANDARD = gnu11;
				GCC_NO_COMMON_BLOCKS = YES;
				GCC_WARN_64_TO_32_BIT_CONVERSION = YES;
				GCC_WARN_ABOUT_RETURN_TYPE = YES_ERROR;
				GCC_WARN_UNDECLARED_SELECTOR = YES;
				GCC_WARN_UNINITIALIZED_AUTOS = YES_AGGRESSIVE;
				GCC_WARN_UNUSED_FUNCTION = YES;
				GCC_WARN_UNUSED_VARIABLE = YES;
				IPHONEOS_DEPLOYMENT_TARGET = 15.0;
				MTL_ENABLE_DEBUG_INFO = NO;
				MTL_FAST_MATH = YES;
				SDKROOT = iphoneos;
				SWIFT_COMPILATION_MODE = wholemodule;
				SWIFT_OPTIMIZATION_LEVEL = "-O";
				VALIDATE_PRODUCT = YES;
			};
			name = Release;
		};
		2561C15227577DF2006D5EF1 /* Debug */ = {
			isa = XCBuildConfiguration;
			buildSettings = {
				ASSETCATALOG_COMPILER_APPICON_NAME = AppIcon;
				ASSETCATALOG_COMPILER_GLOBAL_ACCENT_COLOR_NAME = AccentColor;
				CODE_SIGN_STYLE = Automatic;
				CURRENT_PROJECT_VERSION = 1;
				DEVELOPMENT_ASSET_PATHS = "\"DoBit/Preview Content\"";
				DEVELOPMENT_TEAM = 5WAUHBZJ8Z;
				ENABLE_PREVIEWS = YES;
				GENERATE_INFOPLIST_FILE = YES;
				INFOPLIST_KEY_UIApplicationSceneManifest_Generation = YES;
				INFOPLIST_KEY_UIApplicationSupportsIndirectInputEvents = YES;
				INFOPLIST_KEY_UILaunchScreen_Generation = YES;
				INFOPLIST_KEY_UISupportedInterfaceOrientations = UIInterfaceOrientationPortrait;
				INFOPLIST_KEY_UISupportedInterfaceOrientations_iPad = "UIInterfaceOrientationPortrait UIInterfaceOrientationPortraitUpsideDown UIInterfaceOrientationLandscapeLeft UIInterfaceOrientationLandscapeRight";
				INFOPLIST_KEY_UISupportedInterfaceOrientations_iPhone = "UIInterfaceOrientationPortrait UIInterfaceOrientationLandscapeLeft UIInterfaceOrientationLandscapeRight";
				LD_RUNPATH_SEARCH_PATHS = (
					"$(inherited)",
					"@executable_path/Frameworks",
				);
				MARKETING_VERSION = 1.0;
				PRODUCT_BUNDLE_IDENTIFIER = Uno.DoBit;
				PRODUCT_NAME = "$(TARGET_NAME)";
				SWIFT_EMIT_LOC_STRINGS = YES;
				SWIFT_VERSION = 5.0;
				TARGETED_DEVICE_FAMILY = "1,2";
			};
			name = Debug;
		};
		2561C15327577DF2006D5EF1 /* Release */ = {
			isa = XCBuildConfiguration;
			buildSettings = {
				ASSETCATALOG_COMPILER_APPICON_NAME = AppIcon;
				ASSETCATALOG_COMPILER_GLOBAL_ACCENT_COLOR_NAME = AccentColor;
				CODE_SIGN_STYLE = Automatic;
				CURRENT_PROJECT_VERSION = 1;
				DEVELOPMENT_ASSET_PATHS = "\"DoBit/Preview Content\"";
				DEVELOPMENT_TEAM = 5WAUHBZJ8Z;
				ENABLE_PREVIEWS = YES;
				GENERATE_INFOPLIST_FILE = YES;
				INFOPLIST_KEY_UIApplicationSceneManifest_Generation = YES;
				INFOPLIST_KEY_UIApplicationSupportsIndirectInputEvents = YES;
				INFOPLIST_KEY_UILaunchScreen_Generation = YES;
				INFOPLIST_KEY_UISupportedInterfaceOrientations = UIInterfaceOrientationPortrait;
				INFOPLIST_KEY_UISupportedInterfaceOrientations_iPad = "UIInterfaceOrientationPortrait UIInterfaceOrientationPortraitUpsideDown UIInterfaceOrientationLandscapeLeft UIInterfaceOrientationLandscapeRight";
				INFOPLIST_KEY_UISupportedInterfaceOrientations_iPhone = "UIInterfaceOrientationPortrait UIInterfaceOrientationLandscapeLeft UIInterfaceOrientationLandscapeRight";
				LD_RUNPATH_SEARCH_PATHS = (
					"$(inherited)",
					"@executable_path/Frameworks",
				);
				MARKETING_VERSION = 1.0;
				PRODUCT_BUNDLE_IDENTIFIER = Uno.DoBit;
				PRODUCT_NAME = "$(TARGET_NAME)";
				SWIFT_EMIT_LOC_STRINGS = YES;
				SWIFT_VERSION = 5.0;
				TARGETED_DEVICE_FAMILY = "1,2";
			};
			name = Release;
		};
/* End XCBuildConfiguration section */

/* Begin XCConfigurationList section */
		2561C13E27577DF0006D5EF1 /* Build configuration list for PBXProject "DoBit" */ = {
			isa = XCConfigurationList;
			buildConfigurations = (
				2561C14F27577DF2006D5EF1 /* Debug */,
				2561C15027577DF2006D5EF1 /* Release */,
			);
			defaultConfigurationIsVisible = 0;
			defaultConfigurationName = Release;
		};
		2561C15127577DF2006D5EF1 /* Build configuration list for PBXNativeTarget "DoBit" */ = {
			isa = XCConfigurationList;
			buildConfigurations = (
				2561C15227577DF2006D5EF1 /* Debug */,
				2561C15327577DF2006D5EF1 /* Release */,
			);
			defaultConfigurationIsVisible = 0;
			defaultConfigurationName = Release;
		};
/* End XCConfigurationList section */
	};
	rootObject = 2561C13B27577DF0006D5EF1 /* Project object */;
}
